dependencies:
- name: gitlab
  repository: ""
  version: '*.*.*'
- name: certmanager-issuer
  repository: ""
  version: '*.*.*'
- name: minio
  repository: ""
  version: '*.*.*'
- name: registry
  repository: ""
  version: '*.*.*'
- name: cert-manager
  repository: https://charts.jetstack.io/
  version: v1.2.0
- name: prometheus
  repository: https://prometheus-community.github.io/helm-charts
  version: 11.16.9
- name: postgresql
  repository: https://charts.bitnami.com/bitnami
  version: 8.9.4
- name: gitlab-runner
  repository: https://charts.gitlab.io/
  version: 0.32.0
- name: grafana
  repository: https://grafana.github.io/helm-charts
  version: 6.9.1
- name: redis
  repository: https://charts.bitnami.com/bitnami
  version: 11.3.4
- name: nginx-ingress
  repository: ""
  version: '*.*.*'
digest: sha256:3c8aa89104de1d417e43b9d5bf564b78dde0ab4ad3e010f4b7df017d7945b0ce
generated: "2021-09-17T13:58:40.596741123Z"
